{
  "object": {
    "pins": [
      {
        "package": "swift-parsing",
        "repositoryURL": "https://github.com/pointfreeco/swift-parsing.git",
        "state": {
          "branch": null,
          "revision": "bd38abcaed5b4cf893ebdc8dd1a962a79d047ded",
          "version": "0.4.0"
        }
      }
    ]
  },
  "version": 1
}
